// !$*UTF8*$!
{
	archiveVersion = 1;
	classes = {
	};
	objectVersion = 46;
	objects = {

/* Begin PBXBuildFile section */
		927612C31F466FA50069B824 /* Actor.cpp in Sources */ = {isa = PBXBuildFile; fileRef = 927612BD1F466FA50069B824 /* Actor.cpp */; };
		927612C41F466FA50069B824 /* Component.cpp in Sources */ = {isa = PBXBuildFile; fileRef = 927612BF1F466FA50069B824 /* Component.cpp */; };
		927612C51F466FA50069B824 /* Math.cpp in Sources */ = {isa = PBXBuildFile; fileRef = 927612C11F466FA50069B824 /* Math.cpp */; };
		92924F991EDF6AC900A740A7 /* Main.cpp in Sources */ = {isa = PBXBuildFile; fileRef = 92924F981EDF6AC900A740A7 /* Main.cpp */; };
		92924F9C1EDF6DC800A740A7 /* Game.cpp in Sources */ = {isa = PBXBuildFile; fileRef = 92924F9A1EDF6DC800A740A7 /* Game.cpp */; };
		92D324FD1B697428005A86C7 /* CoreFoundation.framework in Frameworks */ = {isa = PBXBuildFile; fileRef = 92D324FC1B697428005A86C7 /* CoreFoundation.framework */; };
		92E46E941B6353E50035CD21 /* OpenGL.framework in Frameworks */ = {isa = PBXBuildFile; fileRef = 92E46E931B6353E50035CD21 /* OpenGL.framework */; };
		E3010C5B20883E09003E2A63 /* DoubleCoin.cpp in Sources */ = {isa = PBXBuildFile; fileRef = E3010C5A20883E09003E2A63 /* DoubleCoin.cpp */; };
		E3034C8F2085EE32005909FC /* Explosion.cpp in Sources */ = {isa = PBXBuildFile; fileRef = E3034C8E2085EE32005909FC /* Explosion.cpp */; };
		E347642D203FC8A500A14B6D /* Background.cpp in Sources */ = {isa = PBXBuildFile; fileRef = E347642C203FC8A500A14B6D /* Background.cpp */; };
		E354ABA0203FC412006FDABF /* BarrelMove.cpp in Sources */ = {isa = PBXBuildFile; fileRef = E354AB8F203FC40F006FDABF /* BarrelMove.cpp */; };
		E354ABA1203FC412006FDABF /* PlayerMove.cpp in Sources */ = {isa = PBXBuildFile; fileRef = E354AB91203FC410006FDABF /* PlayerMove.cpp */; };
		E354ABA2203FC412006FDABF /* Player.cpp in Sources */ = {isa = PBXBuildFile; fileRef = E354AB93203FC410006FDABF /* Player.cpp */; };
		E354ABA3203FC412006FDABF /* BarrelSpawner.cpp in Sources */ = {isa = PBXBuildFile; fileRef = E354AB94203FC410006FDABF /* BarrelSpawner.cpp */; };
		E354ABA4203FC412006FDABF /* MoveComponent.cpp in Sources */ = {isa = PBXBuildFile; fileRef = E354AB95203FC410006FDABF /* MoveComponent.cpp */; };
		E354ABA5203FC412006FDABF /* CollisionComponent.cpp in Sources */ = {isa = PBXBuildFile; fileRef = E354AB97203FC410006FDABF /* CollisionComponent.cpp */; };
		E354ABA6203FC412006FDABF /* SpriteComponent.cpp in Sources */ = {isa = PBXBuildFile; fileRef = E354AB9D203FC411006FDABF /* SpriteComponent.cpp */; };
		E354ABA7203FC412006FDABF /* Barrel.cpp in Sources */ = {isa = PBXBuildFile; fileRef = E354AB9E203FC411006FDABF /* Barrel.cpp */; };
		E354ABA8203FC412006FDABF /* Block.cpp in Sources */ = {isa = PBXBuildFile; fileRef = E354AB9F203FC412006FDABF /* Block.cpp */; };
		E379D0CE20842D4D00177BB3 /* MoonBounce.cpp in Sources */ = {isa = PBXBuildFile; fileRef = E379D0CD20842D4D00177BB3 /* MoonBounce.cpp */; };
		E3901AD02043CFD90016C11A /* Coin.cpp in Sources */ = {isa = PBXBuildFile; fileRef = E3901ACF2043CFD90016C11A /* Coin.cpp */; };
		E3901AD22043D42D0016C11A /* AnimatedSprite.cpp in Sources */ = {isa = PBXBuildFile; fileRef = E3901AD12043D42D0016C11A /* AnimatedSprite.cpp */; };
		E39B10ED20840F0B00C7FA19 /* Invulnerability.cpp in Sources */ = {isa = PBXBuildFile; fileRef = E39B10EC20840F0B00C7FA19 /* Invulnerability.cpp */; };
		E3BABBF12082C789007D546C /* SpeedBoost.cpp in Sources */ = {isa = PBXBuildFile; fileRef = E3BABBF02082C789007D546C /* SpeedBoost.cpp */; };
		E3E5DCC02076981D00B248B2 /* Item.cpp in Sources */ = {isa = PBXBuildFile; fileRef = E3E5DCBF2076981D00B248B2 /* Item.cpp */; };
/* End PBXBuildFile section */

/* Begin PBXFileReference section */
		927612BD1F466FA50069B824 /* Actor.cpp */ = {isa = PBXFileReference; fileEncoding = 4; lastKnownFileType = sourcecode.cpp.cpp; path = Actor.cpp; sourceTree = "<group>"; };
		927612BE1F466FA50069B824 /* Actor.h */ = {isa = PBXFileReference; fileEncoding = 4; lastKnownFileType = sourcecode.c.h; path = Actor.h; sourceTree = "<group>"; };
		927612BF1F466FA50069B824 /* Component.cpp */ = {isa = PBXFileReference; fileEncoding = 4; lastKnownFileType = sourcecode.cpp.cpp; path = Component.cpp; sourceTree = "<group>"; };
		927612C01F466FA50069B824 /* Component.h */ = {isa = PBXFileReference; fileEncoding = 4; lastKnownFileType = sourcecode.c.h; path = Component.h; sourceTree = "<group>"; };
		927612C11F466FA50069B824 /* Math.cpp */ = {isa = PBXFileReference; fileEncoding = 4; lastKnownFileType = sourcecode.cpp.cpp; path = Math.cpp; sourceTree = "<group>"; };
		927612C21F466FA50069B824 /* Math.h */ = {isa = PBXFileReference; fileEncoding = 4; lastKnownFileType = sourcecode.c.h; path = Math.h; sourceTree = "<group>"; };
		92924F981EDF6AC900A740A7 /* Main.cpp */ = {isa = PBXFileReference; fileEncoding = 4; lastKnownFileType = sourcecode.cpp.cpp; path = Main.cpp; sourceTree = "<group>"; };
		92924F9A1EDF6DC800A740A7 /* Game.cpp */ = {isa = PBXFileReference; fileEncoding = 4; lastKnownFileType = sourcecode.cpp.cpp; path = Game.cpp; sourceTree = "<group>"; };
		92924F9B1EDF6DC800A740A7 /* Game.h */ = {isa = PBXFileReference; fileEncoding = 4; lastKnownFileType = sourcecode.c.h; path = Game.h; sourceTree = "<group>"; };
		92D324FC1B697428005A86C7 /* CoreFoundation.framework */ = {isa = PBXFileReference; lastKnownFileType = wrapper.framework; name = CoreFoundation.framework; path = System/Library/Frameworks/CoreFoundation.framework; sourceTree = SDKROOT; };
		92E46DF71B634EA30035CD21 /* Game-mac */ = {isa = PBXFileReference; explicitFileType = "compiled.mach-o.executable"; includeInIndex = 0; path = "Game-mac"; sourceTree = BUILT_PRODUCTS_DIR; };
		92E46E931B6353E50035CD21 /* OpenGL.framework */ = {isa = PBXFileReference; lastKnownFileType = wrapper.framework; name = OpenGL.framework; path = System/Library/Frameworks/OpenGL.framework; sourceTree = SDKROOT; };
		E3010C5A20883E09003E2A63 /* DoubleCoin.cpp */ = {isa = PBXFileReference; lastKnownFileType = sourcecode.cpp.cpp; path = DoubleCoin.cpp; sourceTree = "<group>"; };
		E3010C5C20883E14003E2A63 /* DoubleCoin.h */ = {isa = PBXFileReference; lastKnownFileType = sourcecode.c.h; path = DoubleCoin.h; sourceTree = "<group>"; };
		E3034C8E2085EE32005909FC /* Explosion.cpp */ = {isa = PBXFileReference; lastKnownFileType = sourcecode.cpp.cpp; path = Explosion.cpp; sourceTree = "<group>"; };
		E3034C902085EE3A005909FC /* Explosion.h */ = {isa = PBXFileReference; lastKnownFileType = sourcecode.c.h; path = Explosion.h; sourceTree = "<group>"; };
		E347642B203FC89A00A14B6D /* Background.h */ = {isa = PBXFileReference; lastKnownFileType = sourcecode.c.h; path = Background.h; sourceTree = "<group>"; };
		E347642C203FC8A500A14B6D /* Background.cpp */ = {isa = PBXFileReference; lastKnownFileType = sourcecode.cpp.cpp; path = Background.cpp; sourceTree = "<group>"; };
		E354AB8E203FC40F006FDABF /* BarrelSpawner.h */ = {isa = PBXFileReference; fileEncoding = 4; lastKnownFileType = sourcecode.c.h; path = BarrelSpawner.h; sourceTree = "<group>"; };
		E354AB8F203FC40F006FDABF /* BarrelMove.cpp */ = {isa = PBXFileReference; fileEncoding = 4; lastKnownFileType = sourcecode.cpp.cpp; path = BarrelMove.cpp; sourceTree = "<group>"; };
		E354AB90203FC40F006FDABF /* CollisionComponent.h */ = {isa = PBXFileReference; fileEncoding = 4; lastKnownFileType = sourcecode.c.h; path = CollisionComponent.h; sourceTree = "<group>"; };
		E354AB91203FC410006FDABF /* PlayerMove.cpp */ = {isa = PBXFileReference; fileEncoding = 4; lastKnownFileType = sourcecode.cpp.cpp; path = PlayerMove.cpp; sourceTree = "<group>"; };
		E354AB92203FC410006FDABF /* SpriteComponent.h */ = {isa = PBXFileReference; fileEncoding = 4; lastKnownFileType = sourcecode.c.h; path = SpriteComponent.h; sourceTree = "<group>"; };
		E354AB93203FC410006FDABF /* Player.cpp */ = {isa = PBXFileReference; fileEncoding = 4; lastKnownFileType = sourcecode.cpp.cpp; path = Player.cpp; sourceTree = "<group>"; };
		E354AB94203FC410006FDABF /* BarrelSpawner.cpp */ = {isa = PBXFileReference; fileEncoding = 4; lastKnownFileType = sourcecode.cpp.cpp; path = BarrelSpawner.cpp; sourceTree = "<group>"; };
		E354AB95203FC410006FDABF /* MoveComponent.cpp */ = {isa = PBXFileReference; fileEncoding = 4; lastKnownFileType = sourcecode.cpp.cpp; path = MoveComponent.cpp; sourceTree = "<group>"; };
		E354AB96203FC410006FDABF /* MoveComponent.h */ = {isa = PBXFileReference; fileEncoding = 4; lastKnownFileType = sourcecode.c.h; path = MoveComponent.h; sourceTree = "<group>"; };
		E354AB97203FC410006FDABF /* CollisionComponent.cpp */ = {isa = PBXFileReference; fileEncoding = 4; lastKnownFileType = sourcecode.cpp.cpp; path = CollisionComponent.cpp; sourceTree = "<group>"; };
		E354AB98203FC411006FDABF /* PlayerMove.h */ = {isa = PBXFileReference; fileEncoding = 4; lastKnownFileType = sourcecode.c.h; path = PlayerMove.h; sourceTree = "<group>"; };
		E354AB99203FC411006FDABF /* Block.h */ = {isa = PBXFileReference; fileEncoding = 4; lastKnownFileType = sourcecode.c.h; path = Block.h; sourceTree = "<group>"; };
		E354AB9A203FC411006FDABF /* Player.h */ = {isa = PBXFileReference; fileEncoding = 4; lastKnownFileType = sourcecode.c.h; path = Player.h; sourceTree = "<group>"; };
		E354AB9B203FC411006FDABF /* Barrel.h */ = {isa = PBXFileReference; fileEncoding = 4; lastKnownFileType = sourcecode.c.h; path = Barrel.h; sourceTree = "<group>"; };
		E354AB9C203FC411006FDABF /* BarrelMove.h */ = {isa = PBXFileReference; fileEncoding = 4; lastKnownFileType = sourcecode.c.h; path = BarrelMove.h; sourceTree = "<group>"; };
		E354AB9D203FC411006FDABF /* SpriteComponent.cpp */ = {isa = PBXFileReference; fileEncoding = 4; lastKnownFileType = sourcecode.cpp.cpp; path = SpriteComponent.cpp; sourceTree = "<group>"; };
		E354AB9E203FC411006FDABF /* Barrel.cpp */ = {isa = PBXFileReference; fileEncoding = 4; lastKnownFileType = sourcecode.cpp.cpp; path = Barrel.cpp; sourceTree = "<group>"; };
		E354AB9F203FC412006FDABF /* Block.cpp */ = {isa = PBXFileReference; fileEncoding = 4; lastKnownFileType = sourcecode.cpp.cpp; path = Block.cpp; sourceTree = "<group>"; };
		E379D0CD20842D4D00177BB3 /* MoonBounce.cpp */ = {isa = PBXFileReference; lastKnownFileType = sourcecode.cpp.cpp; path = MoonBounce.cpp; sourceTree = "<group>"; };
		E379D0CF20842D5600177BB3 /* MoonBounce.h */ = {isa = PBXFileReference; lastKnownFileType = sourcecode.c.h; path = MoonBounce.h; sourceTree = "<group>"; };
		E3901ACE2043CFA90016C11A /* Coin.h */ = {isa = PBXFileReference; lastKnownFileType = sourcecode.c.h; path = Coin.h; sourceTree = "<group>"; };
		E3901ACF2043CFD90016C11A /* Coin.cpp */ = {isa = PBXFileReference; lastKnownFileType = sourcecode.cpp.cpp; path = Coin.cpp; sourceTree = "<group>"; };
		E3901AD12043D42D0016C11A /* AnimatedSprite.cpp */ = {isa = PBXFileReference; lastKnownFileType = sourcecode.cpp.cpp; path = AnimatedSprite.cpp; sourceTree = "<group>"; };
		E3901AD32043D4340016C11A /* AnimatedSprite.h */ = {isa = PBXFileReference; lastKnownFileType = sourcecode.c.h; path = AnimatedSprite.h; sourceTree = "<group>"; };
		E39B10EC20840F0B00C7FA19 /* Invulnerability.cpp */ = {isa = PBXFileReference; lastKnownFileType = sourcecode.cpp.cpp; path = Invulnerability.cpp; sourceTree = "<group>"; };
		E39B10EE20840F1100C7FA19 /* Invulnerability.h */ = {isa = PBXFileReference; lastKnownFileType = sourcecode.c.h; path = Invulnerability.h; sourceTree = "<group>"; };
		E3BABBF02082C789007D546C /* SpeedBoost.cpp */ = {isa = PBXFileReference; lastKnownFileType = sourcecode.cpp.cpp; path = SpeedBoost.cpp; sourceTree = "<group>"; };
		E3BABBF22082C795007D546C /* SpeedBoost.h */ = {isa = PBXFileReference; lastKnownFileType = sourcecode.c.h; path = SpeedBoost.h; sourceTree = "<group>"; };
		E3E5DCBE2076981000B248B2 /* Item.h */ = {isa = PBXFileReference; lastKnownFileType = sourcecode.c.h; path = Item.h; sourceTree = "<group>"; };
		E3E5DCBF2076981D00B248B2 /* Item.cpp */ = {isa = PBXFileReference; lastKnownFileType = sourcecode.cpp.cpp; path = Item.cpp; sourceTree = "<group>"; };
/* End PBXFileReference section */

/* Begin PBXFrameworksBuildPhase section */
		92E46DF41B634EA30035CD21 /* Frameworks */ = {
			isa = PBXFrameworksBuildPhase;
			buildActionMask = 2147483647;
			files = (
				92D324FD1B697428005A86C7 /* CoreFoundation.framework in Frameworks */,
				92E46E941B6353E50035CD21 /* OpenGL.framework in Frameworks */,
			);
			runOnlyForDeploymentPostprocessing = 0;
		};
/* End PBXFrameworksBuildPhase section */

/* Begin PBXGroup section */
		92E46DEE1B634EA30035CD21 = {
			isa = PBXGroup;
			children = (
				927612BD1F466FA50069B824 /* Actor.cpp */,
				927612BE1F466FA50069B824 /* Actor.h */,
				E3901AD12043D42D0016C11A /* AnimatedSprite.cpp */,
				E3901AD32043D4340016C11A /* AnimatedSprite.h */,
				E347642C203FC8A500A14B6D /* Background.cpp */,
				E347642B203FC89A00A14B6D /* Background.h */,
				E354AB9E203FC411006FDABF /* Barrel.cpp */,
				E354AB9B203FC411006FDABF /* Barrel.h */,
				E354AB8F203FC40F006FDABF /* BarrelMove.cpp */,
				E354AB9C203FC411006FDABF /* BarrelMove.h */,
				E354AB94203FC410006FDABF /* BarrelSpawner.cpp */,
				E354AB8E203FC40F006FDABF /* BarrelSpawner.h */,
				E3034C8E2085EE32005909FC /* Explosion.cpp */,
				E3034C902085EE3A005909FC /* Explosion.h */,
				E354AB9F203FC412006FDABF /* Block.cpp */,
				E354AB99203FC411006FDABF /* Block.h */,
				E3901ACF2043CFD90016C11A /* Coin.cpp */,
				E3901ACE2043CFA90016C11A /* Coin.h */,
				E354AB97203FC410006FDABF /* CollisionComponent.cpp */,
				E354AB90203FC40F006FDABF /* CollisionComponent.h */,
				927612BF1F466FA50069B824 /* Component.cpp */,
				927612C01F466FA50069B824 /* Component.h */,
				E3010C5A20883E09003E2A63 /* DoubleCoin.cpp */,
				E3010C5C20883E14003E2A63 /* DoubleCoin.h */,
				92D324FC1B697428005A86C7 /* CoreFoundation.framework */,
				92924F9A1EDF6DC800A740A7 /* Game.cpp */,
				92924F9B1EDF6DC800A740A7 /* Game.h */,
				E3E5DCBF2076981D00B248B2 /* Item.cpp */,
				E3E5DCBE2076981000B248B2 /* Item.h */,
				E3BABBF02082C789007D546C /* SpeedBoost.cpp */,
				E3BABBF22082C795007D546C /* SpeedBoost.h */,
				E39B10EC20840F0B00C7FA19 /* Invulnerability.cpp */,
				E39B10EE20840F1100C7FA19 /* Invulnerability.h */,
				E379D0CD20842D4D00177BB3 /* MoonBounce.cpp */,
				E379D0CF20842D5600177BB3 /* MoonBounce.h */,
				92924F981EDF6AC900A740A7 /* Main.cpp */,
				927612C11F466FA50069B824 /* Math.cpp */,
				927612C21F466FA50069B824 /* Math.h */,
				E354AB95203FC410006FDABF /* MoveComponent.cpp */,
				E354AB96203FC410006FDABF /* MoveComponent.h */,
				92E46E931B6353E50035CD21 /* OpenGL.framework */,
				E354AB93203FC410006FDABF /* Player.cpp */,
				E354AB9A203FC411006FDABF /* Player.h */,
				E354AB91203FC410006FDABF /* PlayerMove.cpp */,
				E354AB98203FC411006FDABF /* PlayerMove.h */,
				92E46DF81B634EA30035CD21 /* Products */,
				E354AB9D203FC411006FDABF /* SpriteComponent.cpp */,
				E354AB92203FC410006FDABF /* SpriteComponent.h */,
			);
			sourceTree = "<group>";
		};
		92E46DF81B634EA30035CD21 /* Products */ = {
			isa = PBXGroup;
			children = (
				92E46DF71B634EA30035CD21 /* Game-mac */,
			);
			name = Products;
			sourceTree = "<group>";
		};
/* End PBXGroup section */

/* Begin PBXNativeTarget section */
		92E46DF61B634EA30035CD21 /* Game-mac */ = {
			isa = PBXNativeTarget;
			buildConfigurationList = 92E46DFE1B634EA40035CD21 /* Build configuration list for PBXNativeTarget "Game-mac" */;
			buildPhases = (
				92E46DF31B634EA30035CD21 /* Sources */,
				92E46DF41B634EA30035CD21 /* Frameworks */,
				92E46EA11B63615B0035CD21 /* ShellScript */,
			);
			buildRules = (
			);
			dependencies = (
			);
			name = "Game-mac";
			productName = "Game-mac";
			productReference = 92E46DF71B634EA30035CD21 /* Game-mac */;
			productType = "com.apple.product-type.tool";
		};
/* End PBXNativeTarget section */

/* Begin PBXProject section */
		92E46DEF1B634EA30035CD21 /* Project object */ = {
			isa = PBXProject;
			attributes = {
				LastUpgradeCheck = 0820;
				ORGANIZATIONNAME = "Sanjay Madhav";
				TargetAttributes = {
					92E46DF61B634EA30035CD21 = {
						CreatedOnToolsVersion = 6.4;
					};
				};
			};
			buildConfigurationList = 92E46DF21B634EA30035CD21 /* Build configuration list for PBXProject "Game-mac" */;
			compatibilityVersion = "Xcode 3.2";
			developmentRegion = English;
			hasScannedForEncodings = 0;
			knownRegions = (
				en,
			);
			mainGroup = 92E46DEE1B634EA30035CD21;
			productRefGroup = 92E46DF81B634EA30035CD21 /* Products */;
			projectDirPath = "";
			projectRoot = "";
			targets = (
				92E46DF61B634EA30035CD21 /* Game-mac */,
			);
		};
/* End PBXProject section */

/* Begin PBXShellScriptBuildPhase section */
		92E46EA11B63615B0035CD21 /* ShellScript */ = {
			isa = PBXShellScriptBuildPhase;
			buildActionMask = 2147483647;
			files = (
			);
			inputPaths = (
			);
			outputPaths = (
			);
			runOnlyForDeploymentPostprocessing = 0;
			shellPath = /bin/sh;
			shellScript = "if [ -d \"$BUILD_DIR/Debug\" ]; then\n    cp \"$SRCROOT\"/../Libraries/GLEW/lib/mac/*.dylib $BUILD_DIR/Debug\n    cp \"$SRCROOT\"/../Libraries/SDL/lib/mac/*.dylib $BUILD_DIR/Debug\nfi\n                                     \nif [ -d \"$BUILD_DIR/Release\" ]; then\n    cp \"$SRCROOT\"/../Libraries/GLEW/lib/mac/*.dylib $BUILD_DIR/Release\n    cp \"$SRCROOT\"/../Libraries/SDL/lib/mac/*.dylib $BUILD_DIR/Release\nfi";
		};
/* End PBXShellScriptBuildPhase section */

/* Begin PBXSourcesBuildPhase section */
		92E46DF31B634EA30035CD21 /* Sources */ = {
			isa = PBXSourcesBuildPhase;
			buildActionMask = 2147483647;
			files = (
				E3E5DCC02076981D00B248B2 /* Item.cpp in Sources */,
				E354ABA7203FC412006FDABF /* Barrel.cpp in Sources */,
				E354ABA8203FC412006FDABF /* Block.cpp in Sources */,
				E3901AD02043CFD90016C11A /* Coin.cpp in Sources */,
				E354ABA2203FC412006FDABF /* Player.cpp in Sources */,
				E379D0CE20842D4D00177BB3 /* MoonBounce.cpp in Sources */,
				E354ABA3203FC412006FDABF /* BarrelSpawner.cpp in Sources */,
				E354ABA6203FC412006FDABF /* SpriteComponent.cpp in Sources */,
				E354ABA0203FC412006FDABF /* BarrelMove.cpp in Sources */,
				E3BABBF12082C789007D546C /* SpeedBoost.cpp in Sources */,
				E3010C5B20883E09003E2A63 /* DoubleCoin.cpp in Sources */,
				E354ABA1203FC412006FDABF /* PlayerMove.cpp in Sources */,
				927612C31F466FA50069B824 /* Actor.cpp in Sources */,
				927612C41F466FA50069B824 /* Component.cpp in Sources */,
				92924F991EDF6AC900A740A7 /* Main.cpp in Sources */,
				E39B10ED20840F0B00C7FA19 /* Invulnerability.cpp in Sources */,
				92924F9C1EDF6DC800A740A7 /* Game.cpp in Sources */,
				E354ABA4203FC412006FDABF /* MoveComponent.cpp in Sources */,
				E347642D203FC8A500A14B6D /* Background.cpp in Sources */,
				927612C51F466FA50069B824 /* Math.cpp in Sources */,
				E3901AD22043D42D0016C11A /* AnimatedSprite.cpp in Sources */,
				E354ABA5203FC412006FDABF /* CollisionComponent.cpp in Sources */,
				E3034C8F2085EE32005909FC /* Explosion.cpp in Sources */,
			);
			runOnlyForDeploymentPostprocessing = 0;
		};
/* End PBXSourcesBuildPhase section */

/* Begin XCBuildConfiguration section */
		92E46DFC1B634EA40035CD21 /* Debug */ = {
			isa = XCBuildConfiguration;
			buildSettings = {
				ALWAYS_SEARCH_USER_PATHS = NO;
				CLANG_CXX_LANGUAGE_STANDARD = "c++14";
				CLANG_CXX_LIBRARY = "libc++";
				CLANG_ENABLE_MODULES = YES;
				CLANG_ENABLE_OBJC_ARC = YES;
				CLANG_WARN_BOOL_CONVERSION = YES;
				CLANG_WARN_CONSTANT_CONVERSION = YES;
				CLANG_WARN_DIRECT_OBJC_ISA_USAGE = YES_ERROR;
				CLANG_WARN_EMPTY_BODY = YES;
				CLANG_WARN_ENUM_CONVERSION = YES;
				CLANG_WARN_INFINITE_RECURSION = YES;
				CLANG_WARN_INT_CONVERSION = YES;
				CLANG_WARN_OBJC_ROOT_CLASS = YES_ERROR;
				CLANG_WARN_SUSPICIOUS_MOVE = YES;
				CLANG_WARN_UNREACHABLE_CODE = YES;
				CLANG_WARN__DUPLICATE_METHOD_MATCH = YES;
				COPY_PHASE_STRIP = NO;
				DEBUG_INFORMATION_FORMAT = dwarf;
				ENABLE_STRICT_OBJC_MSGSEND = YES;
				ENABLE_TESTABILITY = YES;
				GCC_C_LANGUAGE_STANDARD = gnu99;
				GCC_DYNAMIC_NO_PIC = NO;
				GCC_NO_COMMON_BLOCKS = YES;
				GCC_OPTIMIZATION_LEVEL = 0;
				GCC_PREPROCESSOR_DEFINITIONS = (
					"DEBUG=1",
					"$(inherited)",
				);
				GCC_SYMBOLS_PRIVATE_EXTERN = NO;
				GCC_WARN_64_TO_32_BIT_CONVERSION = YES;
				GCC_WARN_ABOUT_RETURN_TYPE = YES_ERROR;
				GCC_WARN_UNDECLARED_SELECTOR = YES;
				GCC_WARN_UNINITIALIZED_AUTOS = YES_AGGRESSIVE;
				GCC_WARN_UNUSED_FUNCTION = YES;
				GCC_WARN_UNUSED_VARIABLE = YES;
				MACOSX_DEPLOYMENT_TARGET = 10.12;
				MTL_ENABLE_DEBUG_INFO = YES;
				ONLY_ACTIVE_ARCH = YES;
				SDKROOT = macosx;
			};
			name = Debug;
		};
		92E46DFD1B634EA40035CD21 /* Release */ = {
			isa = XCBuildConfiguration;
			buildSettings = {
				ALWAYS_SEARCH_USER_PATHS = NO;
				CLANG_CXX_LANGUAGE_STANDARD = "c++14";
				CLANG_CXX_LIBRARY = "libc++";
				CLANG_ENABLE_MODULES = YES;
				CLANG_ENABLE_OBJC_ARC = YES;
				CLANG_WARN_BOOL_CONVERSION = YES;
				CLANG_WARN_CONSTANT_CONVERSION = YES;
				CLANG_WARN_DIRECT_OBJC_ISA_USAGE = YES_ERROR;
				CLANG_WARN_EMPTY_BODY = YES;
				CLANG_WARN_ENUM_CONVERSION = YES;
				CLANG_WARN_INFINITE_RECURSION = YES;
				CLANG_WARN_INT_CONVERSION = YES;
				CLANG_WARN_OBJC_ROOT_CLASS = YES_ERROR;
				CLANG_WARN_SUSPICIOUS_MOVE = YES;
				CLANG_WARN_UNREACHABLE_CODE = YES;
				CLANG_WARN__DUPLICATE_METHOD_MATCH = YES;
				COPY_PHASE_STRIP = NO;
				DEBUG_INFORMATION_FORMAT = "dwarf-with-dsym";
				ENABLE_NS_ASSERTIONS = NO;
				ENABLE_STRICT_OBJC_MSGSEND = YES;
				GCC_C_LANGUAGE_STANDARD = gnu99;
				GCC_NO_COMMON_BLOCKS = YES;
				GCC_WARN_64_TO_32_BIT_CONVERSION = YES;
				GCC_WARN_ABOUT_RETURN_TYPE = YES_ERROR;
				GCC_WARN_UNDECLARED_SELECTOR = YES;
				GCC_WARN_UNINITIALIZED_AUTOS = YES_AGGRESSIVE;
				GCC_WARN_UNUSED_FUNCTION = YES;
				GCC_WARN_UNUSED_VARIABLE = YES;
				MACOSX_DEPLOYMENT_TARGET = 10.12;
				MTL_ENABLE_DEBUG_INFO = NO;
				SDKROOT = macosx;
			};
			name = Release;
		};
		92E46DFF1B634EA40035CD21 /* Debug */ = {
			isa = XCBuildConfiguration;
			buildSettings = {
				FRAMEWORK_SEARCH_PATHS = "";
				GCC_ENABLE_CPP_RTTI = YES;
				HEADER_SEARCH_PATHS = (
					"$(inherited)",
					/Applications/Xcode.app/Contents/Developer/Toolchains/XcodeDefault.xctoolchain/usr/include,
					"$(SRCROOT)/../Libraries/SDL/include",
					"$(SRCROOT)/../Libraries/GLEW/include",
					"$(SRCROOT)/../Libraries/SOIL/include",
					"$(SRCROOT)/../Libraries/rapidjson/include",
				);
				LIBRARY_SEARCH_PATHS = (
					"$(SRCROOT)/../Libraries/GLEW/lib/mac",
					"$(SRCROOT)/../Libraries/SDL/lib/mac",
					"$(SRCROOT)/../Libraries/SOIL/lib/mac",
				);
				OTHER_LDFLAGS = (
					"-lGLEW.1.12.0",
					"-lSDL2-2.0.0",
					"-lSDL2_mixer-2.0.0",
					"-lSDL2_ttf-2.0.0",
					"-lSOIL",
					"-lSDL2_image-2.0.0",
				);
				PRODUCT_NAME = "$(TARGET_NAME)";
			};
			name = Debug;
		};
		92E46E001B634EA40035CD21 /* Release */ = {
			isa = XCBuildConfiguration;
			buildSettings = {
				FRAMEWORK_SEARCH_PATHS = "";
				GCC_ENABLE_CPP_RTTI = YES;
				HEADER_SEARCH_PATHS = (
					"$(inherited)",
					/Applications/Xcode.app/Contents/Developer/Toolchains/XcodeDefault.xctoolchain/usr/include,
					"$(SRCROOT)/../Libraries/SDL/include",
					"$(SRCROOT)/../Libraries/GLEW/include",
					"$(SRCROOT)/../Libraries/SOIL/include",
					"$(SRCROOT)/../Libraries/rapidjson/include",
				);
				LIBRARY_SEARCH_PATHS = (
					"$(SRCROOT)/../Libraries/GLEW/lib/mac",
					"$(SRCROOT)/../Libraries/SDL/lib/mac",
					"$(SRCROOT)/../Libraries/SOIL/lib/mac",
				);
				OTHER_LDFLAGS = (
					"-lGLEW.1.12.0",
					"-lSDL2-2.0.0",
					"-lSDL2_mixer-2.0.0",
					"-lSDL2_ttf-2.0.0",
					"-lSOIL",
					"-lSDL2_image-2.0.0",
				);
				PRODUCT_NAME = "$(TARGET_NAME)";
			};
			name = Release;
		};
/* End XCBuildConfiguration section */

/* Begin XCConfigurationList section */
		92E46DF21B634EA30035CD21 /* Build configuration list for PBXProject "Game-mac" */ = {
			isa = XCConfigurationList;
			buildConfigurations = (
				92E46DFC1B634EA40035CD21 /* Debug */,
				92E46DFD1B634EA40035CD21 /* Release */,
			);
			defaultConfigurationIsVisible = 0;
			defaultConfigurationName = Release;
		};
		92E46DFE1B634EA40035CD21 /* Build configuration list for PBXNativeTarget "Game-mac" */ = {
			isa = XCConfigurationList;
			buildConfigurations = (
				92E46DFF1B634EA40035CD21 /* Debug */,
				92E46E001B634EA40035CD21 /* Release */,
			);
			defaultConfigurationIsVisible = 0;
			defaultConfigurationName = Release;
		};
/* End XCConfigurationList section */
	};
	rootObject = 92E46DEF1B634EA30035CD21 /* Project object */;
}
